
Microsoft Visual Studio Solution File, Format Version 12.00
# Visual Studio Version 17
VisualStudioVersion = 17.10.35122.118
MinimumVisualStudioVersion = 10.0.40219.1
Project("{FAE04EC0-301F-11D3-BF4B-00C04F79EFBC}") = "UspgPOS", "UspgPOS.csproj", "{D378184A-2C6B-49C9-B57D-6FA117CBA961}"
EndProject
Global
	GlobalSection(SolutionConfigurationPlatforms) = preSolution
		Debug|Any CPU = Debug|Any CPU
		Release|Any CPU = Release|Any CPU
	EndGlobalSection
	GlobalSection(ProjectConfigurationPlatforms) = postSolution
		{D378184A-2C6B-49C9-B57D-6FA117CBA961}.Debug|Any CPU.ActiveCfg = Debug|Any CPU
		{D378184A-2C6B-49C9-B57D-6FA117CBA961}.Debug|Any CPU.Build.0 = Debug|Any CPU
		{D378184A-2C6B-49C9-B57D-6FA117CBA961}.Release|Any CPU.ActiveCfg = Release|Any CPU
		{D378184A-2C6B-49C9-B57D-6FA117CBA961}.Release|Any CPU.Build.0 = Release|Any CPU
	EndGlobalSection
	GlobalSection(SolutionProperties) = preSolution
		HideSolutionNode = FALSE
	EndGlobalSection
	GlobalSection(ExtensibilityGlobals) = postSolution
		SolutionGuid = {5C777F2D-D3E6-451C-982C-D8B5B987C574}
	EndGlobalSection
EndGlobal
